
Microsoft Visual Studio Solution File, Format Version 12.00
# Visual Studio Version 16
VisualStudioVersion = 16.0.29613.14
MinimumVisualStudioVersion = 10.0.40219.1
Project("{9A19103F-16F7-4668-BE54-9A1E7A4F7556}") = "CarAssistance", "CarAssistance\CarAssistance.csproj", "{22922D49-1A20-46F3-A7BA-2C9D8B39B11B}"
EndProject
Project("{2150E333-8FDC-42A3-9474-1A3956D46DE8}") = "Solution Items", "Solution Items", "{C079757C-1694-45FE-971C-2F845AE166D0}"
	ProjectSection(SolutionItems) = preProject
		.editorconfig = .editorconfig
		Dockerfile = Dockerfile
	EndProjectSection
EndProject
Project("{2150E333-8FDC-42A3-9474-1A3956D46DE8}") = "Utils", "Utils", "{36252875-DCAC-485D-A3D7-B5DB48DEF990}"
EndProject
Project("{9A19103F-16F7-4668-BE54-9A1E7A4F7556}") = "ExportDataFromExcel", "ExportDataFromExcel\ExportDataFromExcel.csproj", "{FE31CCA0-D2B7-4CCF-BA9E-71B731C9A614}"
EndProject
Project("{9A19103F-16F7-4668-BE54-9A1E7A4F7556}") = "Shared.Contracts", "Shared.Contracts\Shared.Contracts.csproj", "{3D9BA026-F17C-43FD-9501-26EED74327E4}"
EndProject
Project("{E53339B2-1760-4266-BCC7-CA923CBCF16C}") = "docker-compose", "docker-compose.dcproj", "{880E59B7-74BD-4933-9F7C-0840B0D9A951}"
EndProject
Project("{2150E333-8FDC-42A3-9474-1A3956D46DE8}") = "Services", "Services", "{219834CC-BD05-4B3B-B86F-51F69046B12C}"
EndProject
Project("{2150E333-8FDC-42A3-9474-1A3956D46DE8}") = "Auth", "Auth", "{C503D7CE-91EF-4444-BF87-5460C20374A9}"
EndProject
Project("{9A19103F-16F7-4668-BE54-9A1E7A4F7556}") = "CarAssistance.Security.Api", "CarAssistance.Security.Api\CarAssistance.Security.Api.csproj", "{70D46DCA-DFD8-4B57-9B38-4DA2B45BC63B}"
EndProject
Project("{2150E333-8FDC-42A3-9474-1A3956D46DE8}") = "Infrastructure", "Infrastructure", "{E3FE89C6-E5EC-478B-A760-B2A74E517AA5}"
EndProject
Project("{2150E333-8FDC-42A3-9474-1A3956D46DE8}") = "Data", "Data", "{A8B0378D-E895-41C7-AC52-C65D64858F9E}"
EndProject
Project("{FAE04EC0-301F-11D3-BF4B-00C04F79EFBC}") = "CarAssistance.Infrastructure.Data", "CarAssistance.Infrastructure.Data\CarAssistance.Infrastructure.Data.csproj", "{1F9ABC3E-2B40-4C5D-8750-98D19DD76670}"
EndProject
Project("{2150E333-8FDC-42A3-9474-1A3956D46DE8}") = "Domain", "Domain", "{CA86B8DC-CF38-4914-B1C4-D1D87215AE66}"
EndProject
Project("{FAE04EC0-301F-11D3-BF4B-00C04F79EFBC}") = "CarAssistance.Domain", "CarAssistance.Domain\CarAssistance.Domain.csproj", "{DA0D3965-E1C8-4467-A6DA-63D035C3FD65}"
EndProject
Project("{2150E333-8FDC-42A3-9474-1A3956D46DE8}") = "Application", "Application", "{E9658017-2677-4DAE-95D4-A6E400BCC5A5}"
EndProject
Project("{FAE04EC0-301F-11D3-BF4B-00C04F79EFBC}") = "UserAuthApplication", "..\UserAuthApplication\UserAuthApplication.csproj", "{D413BD39-5457-4239-AB7B-98747E6951E8}"
EndProject
Project("{2150E333-8FDC-42A3-9474-1A3956D46DE8}") = "Identity", "Identity", "{1DD23544-39DD-4FC8-85B2-1EB06AFE29A2}"
EndProject
Project("{FAE04EC0-301F-11D3-BF4B-00C04F79EFBC}") = "CarAssistance.Identity", "..\CarAssistance.Identity\CarAssistance.Identity.csproj", "{A677188D-9566-4E8F-8CF1-1B41C61DDF9F}"
EndProject
Global
	GlobalSection(SolutionConfigurationPlatforms) = preSolution
		Debug|Any CPU = Debug|Any CPU
		Release|Any CPU = Release|Any CPU
	EndGlobalSection
	GlobalSection(ProjectConfigurationPlatforms) = postSolution
		{22922D49-1A20-46F3-A7BA-2C9D8B39B11B}.Debug|Any CPU.ActiveCfg = Debug|Any CPU
		{22922D49-1A20-46F3-A7BA-2C9D8B39B11B}.Debug|Any CPU.Build.0 = Debug|Any CPU
		{22922D49-1A20-46F3-A7BA-2C9D8B39B11B}.Release|Any CPU.ActiveCfg = Release|Any CPU
		{22922D49-1A20-46F3-A7BA-2C9D8B39B11B}.Release|Any CPU.Build.0 = Release|Any CPU
		{FE31CCA0-D2B7-4CCF-BA9E-71B731C9A614}.Debug|Any CPU.ActiveCfg = Debug|Any CPU
		{FE31CCA0-D2B7-4CCF-BA9E-71B731C9A614}.Debug|Any CPU.Build.0 = Debug|Any CPU
		{FE31CCA0-D2B7-4CCF-BA9E-71B731C9A614}.Release|Any CPU.ActiveCfg = Release|Any CPU
		{FE31CCA0-D2B7-4CCF-BA9E-71B731C9A614}.Release|Any CPU.Build.0 = Release|Any CPU
		{3D9BA026-F17C-43FD-9501-26EED74327E4}.Debug|Any CPU.ActiveCfg = Debug|Any CPU
		{3D9BA026-F17C-43FD-9501-26EED74327E4}.Debug|Any CPU.Build.0 = Debug|Any CPU
		{3D9BA026-F17C-43FD-9501-26EED74327E4}.Release|Any CPU.ActiveCfg = Release|Any CPU
		{3D9BA026-F17C-43FD-9501-26EED74327E4}.Release|Any CPU.Build.0 = Release|Any CPU
		{880E59B7-74BD-4933-9F7C-0840B0D9A951}.Debug|Any CPU.ActiveCfg = Debug|Any CPU
		{880E59B7-74BD-4933-9F7C-0840B0D9A951}.Debug|Any CPU.Build.0 = Debug|Any CPU
		{880E59B7-74BD-4933-9F7C-0840B0D9A951}.Release|Any CPU.ActiveCfg = Release|Any CPU
		{880E59B7-74BD-4933-9F7C-0840B0D9A951}.Release|Any CPU.Build.0 = Release|Any CPU
		{70D46DCA-DFD8-4B57-9B38-4DA2B45BC63B}.Debug|Any CPU.ActiveCfg = Debug|Any CPU
		{70D46DCA-DFD8-4B57-9B38-4DA2B45BC63B}.Debug|Any CPU.Build.0 = Debug|Any CPU
		{70D46DCA-DFD8-4B57-9B38-4DA2B45BC63B}.Release|Any CPU.ActiveCfg = Release|Any CPU
		{70D46DCA-DFD8-4B57-9B38-4DA2B45BC63B}.Release|Any CPU.Build.0 = Release|Any CPU
		{1F9ABC3E-2B40-4C5D-8750-98D19DD76670}.Debug|Any CPU.ActiveCfg = Debug|Any CPU
		{1F9ABC3E-2B40-4C5D-8750-98D19DD76670}.Debug|Any CPU.Build.0 = Debug|Any CPU
		{1F9ABC3E-2B40-4C5D-8750-98D19DD76670}.Release|Any CPU.ActiveCfg = Release|Any CPU
		{1F9ABC3E-2B40-4C5D-8750-98D19DD76670}.Release|Any CPU.Build.0 = Release|Any CPU
		{DA0D3965-E1C8-4467-A6DA-63D035C3FD65}.Debug|Any CPU.ActiveCfg = Debug|Any CPU
		{DA0D3965-E1C8-4467-A6DA-63D035C3FD65}.Debug|Any CPU.Build.0 = Debug|Any CPU
		{DA0D3965-E1C8-4467-A6DA-63D035C3FD65}.Release|Any CPU.ActiveCfg = Release|Any CPU
		{DA0D3965-E1C8-4467-A6DA-63D035C3FD65}.Release|Any CPU.Build.0 = Release|Any CPU
		{D413BD39-5457-4239-AB7B-98747E6951E8}.Debug|Any CPU.ActiveCfg = Debug|Any CPU
		{D413BD39-5457-4239-AB7B-98747E6951E8}.Debug|Any CPU.Build.0 = Debug|Any CPU
		{D413BD39-5457-4239-AB7B-98747E6951E8}.Release|Any CPU.ActiveCfg = Release|Any CPU
		{D413BD39-5457-4239-AB7B-98747E6951E8}.Release|Any CPU.Build.0 = Release|Any CPU
		{A677188D-9566-4E8F-8CF1-1B41C61DDF9F}.Debug|Any CPU.ActiveCfg = Debug|Any CPU
		{A677188D-9566-4E8F-8CF1-1B41C61DDF9F}.Debug|Any CPU.Build.0 = Debug|Any CPU
		{A677188D-9566-4E8F-8CF1-1B41C61DDF9F}.Release|Any CPU.ActiveCfg = Release|Any CPU
		{A677188D-9566-4E8F-8CF1-1B41C61DDF9F}.Release|Any CPU.Build.0 = Release|Any CPU
	EndGlobalSection
	GlobalSection(SolutionProperties) = preSolution
		HideSolutionNode = FALSE
	EndGlobalSection
	GlobalSection(NestedProjects) = preSolution
		{FE31CCA0-D2B7-4CCF-BA9E-71B731C9A614} = {36252875-DCAC-485D-A3D7-B5DB48DEF990}
		{C503D7CE-91EF-4444-BF87-5460C20374A9} = {219834CC-BD05-4B3B-B86F-51F69046B12C}
		{70D46DCA-DFD8-4B57-9B38-4DA2B45BC63B} = {C503D7CE-91EF-4444-BF87-5460C20374A9}
		{A8B0378D-E895-41C7-AC52-C65D64858F9E} = {E3FE89C6-E5EC-478B-A760-B2A74E517AA5}
		{1F9ABC3E-2B40-4C5D-8750-98D19DD76670} = {A8B0378D-E895-41C7-AC52-C65D64858F9E}
		{DA0D3965-E1C8-4467-A6DA-63D035C3FD65} = {CA86B8DC-CF38-4914-B1C4-D1D87215AE66}
		{D413BD39-5457-4239-AB7B-98747E6951E8} = {E9658017-2677-4DAE-95D4-A6E400BCC5A5}
		{1DD23544-39DD-4FC8-85B2-1EB06AFE29A2} = {E3FE89C6-E5EC-478B-A760-B2A74E517AA5}
		{A677188D-9566-4E8F-8CF1-1B41C61DDF9F} = {1DD23544-39DD-4FC8-85B2-1EB06AFE29A2}
	EndGlobalSection
	GlobalSection(ExtensibilityGlobals) = postSolution
		SolutionGuid = {14E45241-EDBA-4946-81AB-668C6284D6EF}
	EndGlobalSection
EndGlobal
