
Microsoft Visual Studio Solution File, Format Version 12.00
# Visual Studio 15
VisualStudioVersion = 15.0.28307.539
MinimumVisualStudioVersion = 10.0.40219.1
Project("{FAE04EC0-301F-11D3-BF4B-00C04F79EFBC}") = "CarAssistance", "CarAssistance\CarAssistance.csproj", "{22922D49-1A20-46F3-A7BA-2C9D8B39B11B}"
EndProject
Global
	GlobalSection(SolutionConfigurationPlatforms) = preSolution
		Debug|Any CPU = Debug|Any CPU
		Release|Any CPU = Release|Any CPU
	EndGlobalSection
	GlobalSection(ProjectConfigurationPlatforms) = postSolution
		{22922D49-1A20-46F3-A7BA-2C9D8B39B11B}.Debug|Any CPU.ActiveCfg = Debug|Any CPU
		{22922D49-1A20-46F3-A7BA-2C9D8B39B11B}.Debug|Any CPU.Build.0 = Debug|Any CPU
		{22922D49-1A20-46F3-A7BA-2C9D8B39B11B}.Release|Any CPU.ActiveCfg = Release|Any CPU
		{22922D49-1A20-46F3-A7BA-2C9D8B39B11B}.Release|Any CPU.Build.0 = Release|Any CPU
	EndGlobalSection
	GlobalSection(SolutionProperties) = preSolution
		HideSolutionNode = FALSE
	EndGlobalSection
	GlobalSection(ExtensibilityGlobals) = postSolution
		SolutionGuid = {14E45241-EDBA-4946-81AB-668C6284D6EF}
	EndGlobalSection
EndGlobal
